<?xml version="1.0" encoding="UTF-8"?>
<CodeBlocks_project_file>
	<FileVersion major="1" minor="6"/>
	<Project>
		<Option title="Game"/>
		<Option makefile_is_custom="1"/>
		<Option compiler="gcc"/>
		<Option virtualFolders="CMake Files\;CMake Files\cmake_modules\;CMake Files\Libs\;CMake Files\Libs\googletest-master\;CMake Files\Libs\googletest-master\googlemock\;CMake Files\Libs\googletest-master\googlemock\cmake\;CMake Files\Libs\googletest-master\googletest\;CMake Files\Libs\googletest-master\googletest\cmake\;"/>
		<Build>
			<Target title="all">
				<Option working_dir="/home/zhukovp0101/Загрузки/Game.2"/>
				<Option type="4"/>
				<MakeCommands>
					<Build command="/usr/bin/make -f &quot;/home/zhukovp0101/Загрузки/Game.2/Makefile&quot;  VERBOSE=1 all"/>
					<CompileFile command="/usr/bin/make -f &quot;/home/zhukovp0101/Загрузки/Game.2/Makefile&quot;  VERBOSE=1 &quot;$file&quot;"/>
					<Clean command="/usr/bin/make -f &quot;/home/zhukovp0101/Загрузки/Game.2/Makefile&quot;  VERBOSE=1 clean"/>
					<DistClean command="/usr/bin/make -f &quot;/home/zhukovp0101/Загрузки/Game.2/Makefile&quot;  VERBOSE=1 clean"/>
				</MakeCommands>
			</Target>
			<Target title="install/strip">
				<Option working_dir="/home/zhukovp0101/Загрузки/Game.2"/>
				<Option type="4"/>
				<MakeCommands>
					<Build command="/usr/bin/make -f &quot;/home/zhukovp0101/Загрузки/Game.2/Makefile&quot;  VERBOSE=1 install/strip"/>
					<CompileFile command="/usr/bin/make -f &quot;/home/zhukovp0101/Загрузки/Game.2/Makefile&quot;  VERBOSE=1 &quot;$file&quot;"/>
					<Clean command="/usr/bin/make -f &quot;/home/zhukovp0101/Загрузки/Game.2/Makefile&quot;  VERBOSE=1 clean"/>
					<DistClean command="/usr/bin/make -f &quot;/home/zhukovp0101/Загрузки/Game.2/Makefile&quot;  VERBOSE=1 clean"/>
				</MakeCommands>
			</Target>
			<Target title="edit_cache">
				<Option working_dir="/home/zhukovp0101/Загрузки/Game.2"/>
				<Option type="4"/>
				<MakeCommands>
					<Build command="/usr/bin/make -f &quot;/home/zhukovp0101/Загрузки/Game.2/Makefile&quot;  VERBOSE=1 edit_cache"/>
					<CompileFile command="/usr/bin/make -f &quot;/home/zhukovp0101/Загрузки/Game.2/Makefile&quot;  VERBOSE=1 &quot;$file&quot;"/>
					<Clean command="/usr/bin/make -f &quot;/home/zhukovp0101/Загрузки/Game.2/Makefile&quot;  VERBOSE=1 clean"/>
					<DistClean command="/usr/bin/make -f &quot;/home/zhukovp0101/Загрузки/Game.2/Makefile&quot;  VERBOSE=1 clean"/>
				</MakeCommands>
			</Target>
			<Target title="rebuild_cache">
				<Option working_dir="/home/zhukovp0101/Загрузки/Game.2"/>
				<Option type="4"/>
				<MakeCommands>
					<Build command="/usr/bin/make -f &quot;/home/zhukovp0101/Загрузки/Game.2/Makefile&quot;  VERBOSE=1 rebuild_cache"/>
					<CompileFile command="/usr/bin/make -f &quot;/home/zhukovp0101/Загрузки/Game.2/Makefile&quot;  VERBOSE=1 &quot;$file&quot;"/>
					<Clean command="/usr/bin/make -f &quot;/home/zhukovp0101/Загрузки/Game.2/Makefile&quot;  VERBOSE=1 clean"/>
					<DistClean command="/usr/bin/make -f &quot;/home/zhukovp0101/Загрузки/Game.2/Makefile&quot;  VERBOSE=1 clean"/>
				</MakeCommands>
			</Target>
			<Target title="list_install_components">
				<Option working_dir="/home/zhukovp0101/Загрузки/Game.2"/>
				<Option type="4"/>
				<MakeCommands>
					<Build command="/usr/bin/make -f &quot;/home/zhukovp0101/Загрузки/Game.2/Makefile&quot;  VERBOSE=1 list_install_components"/>
					<CompileFile command="/usr/bin/make -f &quot;/home/zhukovp0101/Загрузки/Game.2/Makefile&quot;  VERBOSE=1 &quot;$file&quot;"/>
					<Clean command="/usr/bin/make -f &quot;/home/zhukovp0101/Загрузки/Game.2/Makefile&quot;  VERBOSE=1 clean"/>
					<DistClean command="/usr/bin/make -f &quot;/home/zhukovp0101/Загрузки/Game.2/Makefile&quot;  VERBOSE=1 clean"/>
				</MakeCommands>
			</Target>
			<Target title="install/local">
				<Option working_dir="/home/zhukovp0101/Загрузки/Game.2"/>
				<Option type="4"/>
				<MakeCommands>
					<Build command="/usr/bin/make -f &quot;/home/zhukovp0101/Загрузки/Game.2/Makefile&quot;  VERBOSE=1 install/local"/>
					<CompileFile command="/usr/bin/make -f &quot;/home/zhukovp0101/Загрузки/Game.2/Makefile&quot;  VERBOSE=1 &quot;$file&quot;"/>
					<Clean command="/usr/bin/make -f &quot;/home/zhukovp0101/Загрузки/Game.2/Makefile&quot;  VERBOSE=1 clean"/>
					<DistClean command="/usr/bin/make -f &quot;/home/zhukovp0101/Загрузки/Game.2/Makefile&quot;  VERBOSE=1 clean"/>
				</MakeCommands>
			</Target>
			<Target title="Game">
				<Option output="/home/zhukovp0101/Загрузки/Game.2/Game" prefix_auto="0" extension_auto="0"/>
				<Option working_dir="/home/zhukovp0101/Загрузки/Game.2"/>
				<Option object_output="./"/>
				<Option type="1"/>
				<Option compiler="gcc"/>
				<Compiler>
					<Add directory="/home/zhukovp0101/Загрузки/Game.2/Libs/googletest-master/googlemock/include"/>
					<Add directory="/home/zhukovp0101/Загрузки/Game.2/Classes/Scene"/>
					<Add directory="/home/zhukovp0101/Загрузки/Game.2/Classes/Object"/>
					<Add directory="/home/zhukovp0101/Загрузки/Game.2/Classes/GUI"/>
					<Add directory="/home/zhukovp0101/Загрузки/Game.2/Classes/Building"/>
					<Add directory="/home/zhukovp0101/Загрузки/Game.2/Classes/Unit"/>
					<Add directory="/home/zhukovp0101/Загрузки/Game.2/Classes/Tools"/>
					<Add directory="/home/zhukovp0101/Загрузки/Game.2/Classes"/>
					<Add directory="/home/zhukovp0101/Загрузки/Game.2/Tests"/>
					<Add directory="/home/zhukovp0101/Загрузки/Game.2"/>
					<Add directory="/home/zhukovp0101/MyDocs/MIPT/2term/TP/Game"/>
					<Add directory="/home/zhukovp0101/Загрузки/Game.2/Libs/googletest-master/googletest/include"/>
					<Add directory="/home/zhukovp0101/Загрузки/Game.2/Libs/googletest-master/googletest"/>
				</Compiler>
				<MakeCommands>
					<Build command="/usr/bin/make -f &quot;/home/zhukovp0101/Загрузки/Game.2/Makefile&quot;  VERBOSE=1 Game"/>
					<CompileFile command="/usr/bin/make -f &quot;/home/zhukovp0101/Загрузки/Game.2/Makefile&quot;  VERBOSE=1 &quot;$file&quot;"/>
					<Clean command="/usr/bin/make -f &quot;/home/zhukovp0101/Загрузки/Game.2/Makefile&quot;  VERBOSE=1 clean"/>
					<DistClean command="/usr/bin/make -f &quot;/home/zhukovp0101/Загрузки/Game.2/Makefile&quot;  VERBOSE=1 clean"/>
				</MakeCommands>
			</Target>
			<Target title="Game/fast">
				<Option output="/home/zhukovp0101/Загрузки/Game.2/Game" prefix_auto="0" extension_auto="0"/>
				<Option working_dir="/home/zhukovp0101/Загрузки/Game.2"/>
				<Option object_output="./"/>
				<Option type="1"/>
				<Option compiler="gcc"/>
				<Compiler>
					<Add directory="/home/zhukovp0101/Загрузки/Game.2/Libs/googletest-master/googlemock/include"/>
					<Add directory="/home/zhukovp0101/Загрузки/Game.2/Classes/Scene"/>
					<Add directory="/home/zhukovp0101/Загрузки/Game.2/Classes/Object"/>
					<Add directory="/home/zhukovp0101/Загрузки/Game.2/Classes/GUI"/>
					<Add directory="/home/zhukovp0101/Загрузки/Game.2/Classes/Building"/>
					<Add directory="/home/zhukovp0101/Загрузки/Game.2/Classes/Unit"/>
					<Add directory="/home/zhukovp0101/Загрузки/Game.2/Classes/Tools"/>
					<Add directory="/home/zhukovp0101/Загрузки/Game.2/Classes"/>
					<Add directory="/home/zhukovp0101/Загрузки/Game.2/Tests"/>
					<Add directory="/home/zhukovp0101/Загрузки/Game.2"/>
					<Add directory="/home/zhukovp0101/MyDocs/MIPT/2term/TP/Game"/>
					<Add directory="/home/zhukovp0101/Загрузки/Game.2/Libs/googletest-master/googletest/include"/>
					<Add directory="/home/zhukovp0101/Загрузки/Game.2/Libs/googletest-master/googletest"/>
				</Compiler>
				<MakeCommands>
					<Build command="/usr/bin/make -f &quot;/home/zhukovp0101/Загрузки/Game.2/Makefile&quot;  VERBOSE=1 Game/fast"/>
					<CompileFile command="/usr/bin/make -f &quot;/home/zhukovp0101/Загрузки/Game.2/Makefile&quot;  VERBOSE=1 &quot;$file&quot;"/>
					<Clean command="/usr/bin/make -f &quot;/home/zhukovp0101/Загрузки/Game.2/Makefile&quot;  VERBOSE=1 clean"/>
					<DistClean command="/usr/bin/make -f &quot;/home/zhukovp0101/Загрузки/Game.2/Makefile&quot;  VERBOSE=1 clean"/>
				</MakeCommands>
			</Target>
			<Target title="install">
				<Option working_dir="/home/zhukovp0101/Загрузки/Game.2"/>
				<Option type="4"/>
				<MakeCommands>
					<Build command="/usr/bin/make -f &quot;/home/zhukovp0101/Загрузки/Game.2/Makefile&quot;  VERBOSE=1 install"/>
					<CompileFile command="/usr/bin/make -f &quot;/home/zhukovp0101/Загрузки/Game.2/Makefile&quot;  VERBOSE=1 &quot;$file&quot;"/>
					<Clean command="/usr/bin/make -f &quot;/home/zhukovp0101/Загрузки/Game.2/Makefile&quot;  VERBOSE=1 clean"/>
					<DistClean command="/usr/bin/make -f &quot;/home/zhukovp0101/Загрузки/Game.2/Makefile&quot;  VERBOSE=1 clean"/>
				</MakeCommands>
			</Target>
			<Target title="gmock_main">
				<Option output="/home/zhukovp0101/Загрузки/Game.2/lib/libgmock_maind.a" prefix_auto="0" extension_auto="0"/>
				<Option working_dir="/home/zhukovp0101/Загрузки/Game.2/Libs/googletest-master/googlemock"/>
				<Option object_output="./"/>
				<Option type="2"/>
				<Option compiler="gcc"/>
				<Compiler>
					<Add directory="/home/zhukovp0101/Загрузки/Game.2/Libs/googletest-master/googlemock/include"/>
					<Add directory="/home/zhukovp0101/Загрузки/Game.2/Libs/googletest-master/googlemock"/>
					<Add directory="/home/zhukovp0101/Загрузки/Game.2/Libs/googletest-master/googletest/include"/>
					<Add directory="/home/zhukovp0101/Загрузки/Game.2/Libs/googletest-master/googletest"/>
				</Compiler>
				<MakeCommands>
					<Build command="/usr/bin/make -f &quot;/home/zhukovp0101/Загрузки/Game.2/Libs/googletest-master/googlemock/Makefile&quot;  VERBOSE=1 gmock_main"/>
					<CompileFile command="/usr/bin/make -f &quot;/home/zhukovp0101/Загрузки/Game.2/Libs/googletest-master/googlemock/Makefile&quot;  VERBOSE=1 &quot;$file&quot;"/>
					<Clean command="/usr/bin/make -f &quot;/home/zhukovp0101/Загрузки/Game.2/Libs/googletest-master/googlemock/Makefile&quot;  VERBOSE=1 clean"/>
					<DistClean command="/usr/bin/make -f &quot;/home/zhukovp0101/Загрузки/Game.2/Libs/googletest-master/googlemock/Makefile&quot;  VERBOSE=1 clean"/>
				</MakeCommands>
			</Target>
			<Target title="gmock_main/fast">
				<Option output="/home/zhukovp0101/Загрузки/Game.2/lib/libgmock_maind.a" prefix_auto="0" extension_auto="0"/>
				<Option working_dir="/home/zhukovp0101/Загрузки/Game.2/Libs/googletest-master/googlemock"/>
				<Option object_output="./"/>
				<Option type="2"/>
				<Option compiler="gcc"/>
				<Compiler>
					<Add directory="/home/zhukovp0101/Загрузки/Game.2/Libs/googletest-master/googlemock/include"/>
					<Add directory="/home/zhukovp0101/Загрузки/Game.2/Libs/googletest-master/googlemock"/>
					<Add directory="/home/zhukovp0101/Загрузки/Game.2/Libs/googletest-master/googletest/include"/>
					<Add directory="/home/zhukovp0101/Загрузки/Game.2/Libs/googletest-master/googletest"/>
				</Compiler>
				<MakeCommands>
					<Build command="/usr/bin/make -f &quot;/home/zhukovp0101/Загрузки/Game.2/Libs/googletest-master/googlemock/Makefile&quot;  VERBOSE=1 gmock_main/fast"/>
					<CompileFile command="/usr/bin/make -f &quot;/home/zhukovp0101/Загрузки/Game.2/Libs/googletest-master/googlemock/Makefile&quot;  VERBOSE=1 &quot;$file&quot;"/>
					<Clean command="/usr/bin/make -f &quot;/home/zhukovp0101/Загрузки/Game.2/Libs/googletest-master/googlemock/Makefile&quot;  VERBOSE=1 clean"/>
					<DistClean command="/usr/bin/make -f &quot;/home/zhukovp0101/Загрузки/Game.2/Libs/googletest-master/googlemock/Makefile&quot;  VERBOSE=1 clean"/>
				</MakeCommands>
			</Target>
			<Target title="gmock">
				<Option output="/home/zhukovp0101/Загрузки/Game.2/lib/libgmockd.a" prefix_auto="0" extension_auto="0"/>
				<Option working_dir="/home/zhukovp0101/Загрузки/Game.2/Libs/googletest-master/googlemock"/>
				<Option object_output="./"/>
				<Option type="2"/>
				<Option compiler="gcc"/>
				<Compiler>
					<Add directory="/home/zhukovp0101/Загрузки/Game.2/Libs/googletest-master/googlemock/include"/>
					<Add directory="/home/zhukovp0101/Загрузки/Game.2/Libs/googletest-master/googlemock"/>
					<Add directory="/home/zhukovp0101/Загрузки/Game.2/Libs/googletest-master/googletest/include"/>
					<Add directory="/home/zhukovp0101/Загрузки/Game.2/Libs/googletest-master/googletest"/>
				</Compiler>
				<MakeCommands>
					<Build command="/usr/bin/make -f &quot;/home/zhukovp0101/Загрузки/Game.2/Libs/googletest-master/googlemock/Makefile&quot;  VERBOSE=1 gmock"/>
					<CompileFile command="/usr/bin/make -f &quot;/home/zhukovp0101/Загрузки/Game.2/Libs/googletest-master/googlemock/Makefile&quot;  VERBOSE=1 &quot;$file&quot;"/>
					<Clean command="/usr/bin/make -f &quot;/home/zhukovp0101/Загрузки/Game.2/Libs/googletest-master/googlemock/Makefile&quot;  VERBOSE=1 clean"/>
					<DistClean command="/usr/bin/make -f &quot;/home/zhukovp0101/Загрузки/Game.2/Libs/googletest-master/googlemock/Makefile&quot;  VERBOSE=1 clean"/>
				</MakeCommands>
			</Target>
			<Target title="gmock/fast">
				<Option output="/home/zhukovp0101/Загрузки/Game.2/lib/libgmockd.a" prefix_auto="0" extension_auto="0"/>
				<Option working_dir="/home/zhukovp0101/Загрузки/Game.2/Libs/googletest-master/googlemock"/>
				<Option object_output="./"/>
				<Option type="2"/>
				<Option compiler="gcc"/>
				<Compiler>
					<Add directory="/home/zhukovp0101/Загрузки/Game.2/Libs/googletest-master/googlemock/include"/>
					<Add directory="/home/zhukovp0101/Загрузки/Game.2/Libs/googletest-master/googlemock"/>
					<Add directory="/home/zhukovp0101/Загрузки/Game.2/Libs/googletest-master/googletest/include"/>
					<Add directory="/home/zhukovp0101/Загрузки/Game.2/Libs/googletest-master/googletest"/>
				</Compiler>
				<MakeCommands>
					<Build command="/usr/bin/make -f &quot;/home/zhukovp0101/Загрузки/Game.2/Libs/googletest-master/googlemock/Makefile&quot;  VERBOSE=1 gmock/fast"/>
					<CompileFile command="/usr/bin/make -f &quot;/home/zhukovp0101/Загрузки/Game.2/Libs/googletest-master/googlemock/Makefile&quot;  VERBOSE=1 &quot;$file&quot;"/>
					<Clean command="/usr/bin/make -f &quot;/home/zhukovp0101/Загрузки/Game.2/Libs/googletest-master/googlemock/Makefile&quot;  VERBOSE=1 clean"/>
					<DistClean command="/usr/bin/make -f &quot;/home/zhukovp0101/Загрузки/Game.2/Libs/googletest-master/googlemock/Makefile&quot;  VERBOSE=1 clean"/>
				</MakeCommands>
			</Target>
			<Target title="gtest_main">
				<Option output="/home/zhukovp0101/Загрузки/Game.2/lib/libgtest_maind.a" prefix_auto="0" extension_auto="0"/>
				<Option working_dir="/home/zhukovp0101/Загрузки/Game.2/Libs/googletest-master/googlemock/gtest"/>
				<Option object_output="./"/>
				<Option type="2"/>
				<Option compiler="gcc"/>
				<Compiler>
					<Add directory="/home/zhukovp0101/Загрузки/Game.2/Libs/googletest-master/googletest/include"/>
					<Add directory="/home/zhukovp0101/Загрузки/Game.2/Libs/googletest-master/googletest"/>
				</Compiler>
				<MakeCommands>
					<Build command="/usr/bin/make -f &quot;/home/zhukovp0101/Загрузки/Game.2/Libs/googletest-master/googlemock/gtest/Makefile&quot;  VERBOSE=1 gtest_main"/>
					<CompileFile command="/usr/bin/make -f &quot;/home/zhukovp0101/Загрузки/Game.2/Libs/googletest-master/googlemock/gtest/Makefile&quot;  VERBOSE=1 &quot;$file&quot;"/>
					<Clean command="/usr/bin/make -f &quot;/home/zhukovp0101/Загрузки/Game.2/Libs/googletest-master/googlemock/gtest/Makefile&quot;  VERBOSE=1 clean"/>
					<DistClean command="/usr/bin/make -f &quot;/home/zhukovp0101/Загрузки/Game.2/Libs/googletest-master/googlemock/gtest/Makefile&quot;  VERBOSE=1 clean"/>
				</MakeCommands>
			</Target>
			<Target title="gtest_main/fast">
				<Option output="/home/zhukovp0101/Загрузки/Game.2/lib/libgtest_maind.a" prefix_auto="0" extension_auto="0"/>
				<Option working_dir="/home/zhukovp0101/Загрузки/Game.2/Libs/googletest-master/googlemock/gtest"/>
				<Option object_output="./"/>
				<Option type="2"/>
				<Option compiler="gcc"/>
				<Compiler>
					<Add directory="/home/zhukovp0101/Загрузки/Game.2/Libs/googletest-master/googletest/include"/>
					<Add directory="/home/zhukovp0101/Загрузки/Game.2/Libs/googletest-master/googletest"/>
				</Compiler>
				<MakeCommands>
					<Build command="/usr/bin/make -f &quot;/home/zhukovp0101/Загрузки/Game.2/Libs/googletest-master/googlemock/gtest/Makefile&quot;  VERBOSE=1 gtest_main/fast"/>
					<CompileFile command="/usr/bin/make -f &quot;/home/zhukovp0101/Загрузки/Game.2/Libs/googletest-master/googlemock/gtest/Makefile&quot;  VERBOSE=1 &quot;$file&quot;"/>
					<Clean command="/usr/bin/make -f &quot;/home/zhukovp0101/Загрузки/Game.2/Libs/googletest-master/googlemock/gtest/Makefile&quot;  VERBOSE=1 clean"/>
					<DistClean command="/usr/bin/make -f &quot;/home/zhukovp0101/Загрузки/Game.2/Libs/googletest-master/googlemock/gtest/Makefile&quot;  VERBOSE=1 clean"/>
				</MakeCommands>
			</Target>
			<Target title="gtest">
				<Option output="/home/zhukovp0101/Загрузки/Game.2/lib/libgtestd.a" prefix_auto="0" extension_auto="0"/>
				<Option working_dir="/home/zhukovp0101/Загрузки/Game.2/Libs/googletest-master/googlemock/gtest"/>
				<Option object_output="./"/>
				<Option type="2"/>
				<Option compiler="gcc"/>
				<Compiler>
					<Add directory="/home/zhukovp0101/Загрузки/Game.2/Libs/googletest-master/googletest/include"/>
					<Add directory="/home/zhukovp0101/Загрузки/Game.2/Libs/googletest-master/googletest"/>
				</Compiler>
				<MakeCommands>
					<Build command="/usr/bin/make -f &quot;/home/zhukovp0101/Загрузки/Game.2/Libs/googletest-master/googlemock/gtest/Makefile&quot;  VERBOSE=1 gtest"/>
					<CompileFile command="/usr/bin/make -f &quot;/home/zhukovp0101/Загрузки/Game.2/Libs/googletest-master/googlemock/gtest/Makefile&quot;  VERBOSE=1 &quot;$file&quot;"/>
					<Clean command="/usr/bin/make -f &quot;/home/zhukovp0101/Загрузки/Game.2/Libs/googletest-master/googlemock/gtest/Makefile&quot;  VERBOSE=1 clean"/>
					<DistClean command="/usr/bin/make -f &quot;/home/zhukovp0101/Загрузки/Game.2/Libs/googletest-master/googlemock/gtest/Makefile&quot;  VERBOSE=1 clean"/>
				</MakeCommands>
			</Target>
			<Target title="gtest/fast">
				<Option output="/home/zhukovp0101/Загрузки/Game.2/lib/libgtestd.a" prefix_auto="0" extension_auto="0"/>
				<Option working_dir="/home/zhukovp0101/Загрузки/Game.2/Libs/googletest-master/googlemock/gtest"/>
				<Option object_output="./"/>
				<Option type="2"/>
				<Option compiler="gcc"/>
				<Compiler>
					<Add directory="/home/zhukovp0101/Загрузки/Game.2/Libs/googletest-master/googletest/include"/>
					<Add directory="/home/zhukovp0101/Загрузки/Game.2/Libs/googletest-master/googletest"/>
				</Compiler>
				<MakeCommands>
					<Build command="/usr/bin/make -f &quot;/home/zhukovp0101/Загрузки/Game.2/Libs/googletest-master/googlemock/gtest/Makefile&quot;  VERBOSE=1 gtest/fast"/>
					<CompileFile command="/usr/bin/make -f &quot;/home/zhukovp0101/Загрузки/Game.2/Libs/googletest-master/googlemock/gtest/Makefile&quot;  VERBOSE=1 &quot;$file&quot;"/>
					<Clean command="/usr/bin/make -f &quot;/home/zhukovp0101/Загрузки/Game.2/Libs/googletest-master/googlemock/gtest/Makefile&quot;  VERBOSE=1 clean"/>
					<DistClean command="/usr/bin/make -f &quot;/home/zhukovp0101/Загрузки/Game.2/Libs/googletest-master/googlemock/gtest/Makefile&quot;  VERBOSE=1 clean"/>
				</MakeCommands>
			</Target>
		</Build>
		<Unit filename="/home/zhukovp0101/Загрузки/Game.2/Classes/BaseIncludes.h">
			<Option target="Game"/>
		</Unit>
		<Unit filename="/home/zhukovp0101/Загрузки/Game.2/Classes/Building/Castle.cpp">
			<Option target="Game"/>
		</Unit>
		<Unit filename="/home/zhukovp0101/Загрузки/Game.2/Classes/Building/Castle.h">
			<Option target="Game"/>
		</Unit>
		<Unit filename="/home/zhukovp0101/Загрузки/Game.2/Classes/Building/IBuilding.cpp">
			<Option target="Game"/>
		</Unit>
		<Unit filename="/home/zhukovp0101/Загрузки/Game.2/Classes/Building/IBuilding.h">
			<Option target="Game"/>
		</Unit>
		<Unit filename="/home/zhukovp0101/Загрузки/Game.2/Classes/GUI/Button.cpp">
			<Option target="Game"/>
		</Unit>
		<Unit filename="/home/zhukovp0101/Загрузки/Game.2/Classes/GUI/Button.h">
			<Option target="Game"/>
		</Unit>
		<Unit filename="/home/zhukovp0101/Загрузки/Game.2/Classes/GUI/IMenuItem.cpp">
			<Option target="Game"/>
		</Unit>
		<Unit filename="/home/zhukovp0101/Загрузки/Game.2/Classes/GUI/IMenuItem.h">
			<Option target="Game"/>
		</Unit>
		<Unit filename="/home/zhukovp0101/Загрузки/Game.2/Classes/GUI/ItemFactory.cpp">
			<Option target="Game"/>
		</Unit>
		<Unit filename="/home/zhukovp0101/Загрузки/Game.2/Classes/GUI/ItemFactory.h">
			<Option target="Game"/>
		</Unit>
		<Unit filename="/home/zhukovp0101/Загрузки/Game.2/Classes/Object/IEventObject.cpp">
			<Option target="Game"/>
		</Unit>
		<Unit filename="/home/zhukovp0101/Загрузки/Game.2/Classes/Object/IEventObject.h">
			<Option target="Game"/>
		</Unit>
		<Unit filename="/home/zhukovp0101/Загрузки/Game.2/Classes/Object/ILivingObject.cpp">
			<Option target="Game"/>
		</Unit>
		<Unit filename="/home/zhukovp0101/Загрузки/Game.2/Classes/Object/ILivingObject.h">
			<Option target="Game"/>
		</Unit>
		<Unit filename="/home/zhukovp0101/Загрузки/Game.2/Classes/Object/IObject.cpp">
			<Option target="Game"/>
		</Unit>
		<Unit filename="/home/zhukovp0101/Загрузки/Game.2/Classes/Object/IObject.h">
			<Option target="Game"/>
		</Unit>
		<Unit filename="/home/zhukovp0101/Загрузки/Game.2/Classes/Scene/Level.cpp">
			<Option target="Game"/>
		</Unit>
		<Unit filename="/home/zhukovp0101/Загрузки/Game.2/Classes/Scene/Level.h">
			<Option target="Game"/>
		</Unit>
		<Unit filename="/home/zhukovp0101/Загрузки/Game.2/Classes/Scene/Menu.cpp">
			<Option target="Game"/>
		</Unit>
		<Unit filename="/home/zhukovp0101/Загрузки/Game.2/Classes/Scene/Menu.h">
			<Option target="Game"/>
		</Unit>
		<Unit filename="/home/zhukovp0101/Загрузки/Game.2/Classes/Scene/Scene.cpp">
			<Option target="Game"/>
		</Unit>
		<Unit filename="/home/zhukovp0101/Загрузки/Game.2/Classes/Scene/Scene.h">
			<Option target="Game"/>
		</Unit>
		<Unit filename="/home/zhukovp0101/Загрузки/Game.2/Classes/Tools/Parser.cpp">
			<Option target="Game"/>
		</Unit>
		<Unit filename="/home/zhukovp0101/Загрузки/Game.2/Classes/Tools/Parser.h">
			<Option target="Game"/>
		</Unit>
		<Unit filename="/home/zhukovp0101/Загрузки/Game.2/Classes/Unit/Unit.cpp">
			<Option target="Game"/>
		</Unit>
		<Unit filename="/home/zhukovp0101/Загрузки/Game.2/Classes/Unit/Unit.h">
			<Option target="Game"/>
		</Unit>
		<Unit filename="/home/zhukovp0101/Загрузки/Game.2/Libs/googletest-master/googlemock/src/gmock-all.cc">
			<Option target="gmock"/>
		</Unit>
		<Unit filename="/home/zhukovp0101/Загрузки/Game.2/Libs/googletest-master/googlemock/src/gmock_main.cc">
			<Option target="gmock_main"/>
		</Unit>
		<Unit filename="/home/zhukovp0101/Загрузки/Game.2/Libs/googletest-master/googletest/src/gtest-all.cc">
			<Option target="gtest"/>
		</Unit>
		<Unit filename="/home/zhukovp0101/Загрузки/Game.2/Libs/googletest-master/googletest/src/gtest_main.cc">
			<Option target="gtest_main"/>
		</Unit>
		<Unit filename="/home/zhukovp0101/Загрузки/Game.2/Tests/BaseTestIncludes.h">
			<Option target="Game"/>
		</Unit>
		<Unit filename="/home/zhukovp0101/Загрузки/Game.2/Tests/Normal/Tests.cpp">
			<Option target="Game"/>
		</Unit>
		<Unit filename="/home/zhukovp0101/Загрузки/Game.2/main.cpp">
			<Option target="Game"/>
		</Unit>
		<Unit filename="/home/zhukovp0101/Загрузки/Game.2/CMakeLists.txt">
			<Option virtualFolder="CMake Files\"/>
		</Unit>
		<Unit filename="/home/zhukovp0101/Загрузки/Game.2/cmake_modules/FindSFML.cmake">
			<Option virtualFolder="CMake Files\cmake_modules\"/>
		</Unit>
		<Unit filename="/home/zhukovp0101/Загрузки/Game.2/Libs/googletest-master/CMakeLists.txt">
			<Option virtualFolder="CMake Files\Libs\googletest-master\"/>
		</Unit>
		<Unit filename="/home/zhukovp0101/Загрузки/Game.2/Libs/googletest-master/googlemock/CMakeLists.txt">
			<Option virtualFolder="CMake Files\Libs\googletest-master\googlemock\"/>
		</Unit>
		<Unit filename="/home/zhukovp0101/Загрузки/Game.2/Libs/googletest-master/googlemock/cmake/gmock.pc.in">
			<Option virtualFolder="CMake Files\Libs\googletest-master\googlemock\cmake\"/>
		</Unit>
		<Unit filename="/home/zhukovp0101/Загрузки/Game.2/Libs/googletest-master/googlemock/cmake/gmock_main.pc.in">
			<Option virtualFolder="CMake Files\Libs\googletest-master\googlemock\cmake\"/>
		</Unit>
		<Unit filename="/home/zhukovp0101/Загрузки/Game.2/Libs/googletest-master/googletest/CMakeLists.txt">
			<Option virtualFolder="CMake Files\Libs\googletest-master\googletest\"/>
		</Unit>
		<Unit filename="/home/zhukovp0101/Загрузки/Game.2/Libs/googletest-master/googletest/cmake/Config.cmake.in">
			<Option virtualFolder="CMake Files\Libs\googletest-master\googletest\cmake\"/>
		</Unit>
		<Unit filename="/home/zhukovp0101/Загрузки/Game.2/Libs/googletest-master/googletest/cmake/gtest.pc.in">
			<Option virtualFolder="CMake Files\Libs\googletest-master\googletest\cmake\"/>
		</Unit>
		<Unit filename="/home/zhukovp0101/Загрузки/Game.2/Libs/googletest-master/googletest/cmake/gtest_main.pc.in">
			<Option virtualFolder="CMake Files\Libs\googletest-master\googletest\cmake\"/>
		</Unit>
		<Unit filename="/home/zhukovp0101/Загрузки/Game.2/Libs/googletest-master/googletest/cmake/internal_utils.cmake">
			<Option virtualFolder="CMake Files\Libs\googletest-master\googletest\cmake\"/>
		</Unit>
	</Project>
</CodeBlocks_project_file>
